
Microsoft Visual Studio Solution File, Format Version 12.00
# Visual Studio Version 16
VisualStudioVersion = 16.0.30114.105
MinimumVisualStudioVersion = 10.0.40219.1
Project("{FAE04EC0-301F-11D3-BF4B-00C04F79EFBC}") = "WebApi-1", "WebApi-1\WebApi-1.csproj", "{BB74D0B1-98EF-4DD9-AFBA-FCA4E8C6CD2D}"
EndProject
Project("{FAE04EC0-301F-11D3-BF4B-00C04F79EFBC}") = "libclase1", "libclase1\libclase1.csproj", "{2C6649BA-369D-4F6E-8E94-3D8D4425809C}"
EndProject
Global
	GlobalSection(SolutionConfigurationPlatforms) = preSolution
		Debug|Any CPU = Debug|Any CPU
		Debug|x64 = Debug|x64
		Debug|x86 = Debug|x86
		Release|Any CPU = Release|Any CPU
		Release|x64 = Release|x64
		Release|x86 = Release|x86
	EndGlobalSection
	GlobalSection(SolutionProperties) = preSolution
		HideSolutionNode = FALSE
	EndGlobalSection
	GlobalSection(ProjectConfigurationPlatforms) = postSolution
		{BB74D0B1-98EF-4DD9-AFBA-FCA4E8C6CD2D}.Debug|Any CPU.ActiveCfg = Debug|Any CPU
		{BB74D0B1-98EF-4DD9-AFBA-FCA4E8C6CD2D}.Debug|Any CPU.Build.0 = Debug|Any CPU
		{BB74D0B1-98EF-4DD9-AFBA-FCA4E8C6CD2D}.Debug|x64.ActiveCfg = Debug|Any CPU
		{BB74D0B1-98EF-4DD9-AFBA-FCA4E8C6CD2D}.Debug|x64.Build.0 = Debug|Any CPU
		{BB74D0B1-98EF-4DD9-AFBA-FCA4E8C6CD2D}.Debug|x86.ActiveCfg = Debug|Any CPU
		{BB74D0B1-98EF-4DD9-AFBA-FCA4E8C6CD2D}.Debug|x86.Build.0 = Debug|Any CPU
		{BB74D0B1-98EF-4DD9-AFBA-FCA4E8C6CD2D}.Release|Any CPU.ActiveCfg = Release|Any CPU
		{BB74D0B1-98EF-4DD9-AFBA-FCA4E8C6CD2D}.Release|Any CPU.Build.0 = Release|Any CPU
		{BB74D0B1-98EF-4DD9-AFBA-FCA4E8C6CD2D}.Release|x64.ActiveCfg = Release|Any CPU
		{BB74D0B1-98EF-4DD9-AFBA-FCA4E8C6CD2D}.Release|x64.Build.0 = Release|Any CPU
		{BB74D0B1-98EF-4DD9-AFBA-FCA4E8C6CD2D}.Release|x86.ActiveCfg = Release|Any CPU
		{BB74D0B1-98EF-4DD9-AFBA-FCA4E8C6CD2D}.Release|x86.Build.0 = Release|Any CPU
		{2C6649BA-369D-4F6E-8E94-3D8D4425809C}.Debug|Any CPU.ActiveCfg = Debug|Any CPU
		{2C6649BA-369D-4F6E-8E94-3D8D4425809C}.Debug|Any CPU.Build.0 = Debug|Any CPU
		{2C6649BA-369D-4F6E-8E94-3D8D4425809C}.Debug|x64.ActiveCfg = Debug|Any CPU
		{2C6649BA-369D-4F6E-8E94-3D8D4425809C}.Debug|x64.Build.0 = Debug|Any CPU
		{2C6649BA-369D-4F6E-8E94-3D8D4425809C}.Debug|x86.ActiveCfg = Debug|Any CPU
		{2C6649BA-369D-4F6E-8E94-3D8D4425809C}.Debug|x86.Build.0 = Debug|Any CPU
		{2C6649BA-369D-4F6E-8E94-3D8D4425809C}.Release|Any CPU.ActiveCfg = Release|Any CPU
		{2C6649BA-369D-4F6E-8E94-3D8D4425809C}.Release|Any CPU.Build.0 = Release|Any CPU
		{2C6649BA-369D-4F6E-8E94-3D8D4425809C}.Release|x64.ActiveCfg = Release|Any CPU
		{2C6649BA-369D-4F6E-8E94-3D8D4425809C}.Release|x64.Build.0 = Release|Any CPU
		{2C6649BA-369D-4F6E-8E94-3D8D4425809C}.Release|x86.ActiveCfg = Release|Any CPU
		{2C6649BA-369D-4F6E-8E94-3D8D4425809C}.Release|x86.Build.0 = Release|Any CPU
	EndGlobalSection
EndGlobal
